
Microsoft Visual Studio Solution File, Format Version 12.00
# Visual Studio Version 16
VisualStudioVersion = 16.0.30002.166
MinimumVisualStudioVersion = 10.0.40219.1
Project("{9A19103F-16F7-4668-BE54-9A1E7A4F7556}") = "SnowboardHireHRM.Server", "SnowboardHireHRM.Server\SnowboardHireHRM.Server.csproj", "{190A3C66-B2E9-46FC-A1F5-1C246FC63B2D}"
EndProject
Project("{9A19103F-16F7-4668-BE54-9A1E7A4F7556}") = "SnowboardHireHRM.Shared", "SnowboardHireHRM.Shared\SnowboardHireHRM.Shared.csproj", "{2FDA5310-05C6-460F-91C8-EF3B1DEB066E}"
EndProject
Project("{9A19103F-16F7-4668-BE54-9A1E7A4F7556}") = "SnowboardHireHRM.Api", "SnowboardHireHRM.Api\SnowboardHireHRM.Api.csproj", "{D78468E7-1B20-4856-A7F2-5E21066C206E}"
EndProject
Global
	GlobalSection(SolutionConfigurationPlatforms) = preSolution
		Debug|Any CPU = Debug|Any CPU
		Release|Any CPU = Release|Any CPU
	EndGlobalSection
	GlobalSection(ProjectConfigurationPlatforms) = postSolution
		{190A3C66-B2E9-46FC-A1F5-1C246FC63B2D}.Debug|Any CPU.ActiveCfg = Debug|Any CPU
		{190A3C66-B2E9-46FC-A1F5-1C246FC63B2D}.Debug|Any CPU.Build.0 = Debug|Any CPU
		{190A3C66-B2E9-46FC-A1F5-1C246FC63B2D}.Release|Any CPU.ActiveCfg = Release|Any CPU
		{190A3C66-B2E9-46FC-A1F5-1C246FC63B2D}.Release|Any CPU.Build.0 = Release|Any CPU
		{2FDA5310-05C6-460F-91C8-EF3B1DEB066E}.Debug|Any CPU.ActiveCfg = Debug|Any CPU
		{2FDA5310-05C6-460F-91C8-EF3B1DEB066E}.Debug|Any CPU.Build.0 = Debug|Any CPU
		{2FDA5310-05C6-460F-91C8-EF3B1DEB066E}.Release|Any CPU.ActiveCfg = Release|Any CPU
		{2FDA5310-05C6-460F-91C8-EF3B1DEB066E}.Release|Any CPU.Build.0 = Release|Any CPU
		{D78468E7-1B20-4856-A7F2-5E21066C206E}.Debug|Any CPU.ActiveCfg = Debug|Any CPU
		{D78468E7-1B20-4856-A7F2-5E21066C206E}.Debug|Any CPU.Build.0 = Debug|Any CPU
		{D78468E7-1B20-4856-A7F2-5E21066C206E}.Release|Any CPU.ActiveCfg = Release|Any CPU
		{D78468E7-1B20-4856-A7F2-5E21066C206E}.Release|Any CPU.Build.0 = Release|Any CPU
	EndGlobalSection
	GlobalSection(SolutionProperties) = preSolution
		HideSolutionNode = FALSE
	EndGlobalSection
	GlobalSection(ExtensibilityGlobals) = postSolution
		SolutionGuid = {5EEE43FD-C6FD-4504-9A20-D4D4D6FDF250}
	EndGlobalSection
EndGlobal
